<?xml version="1.0" encoding="utf-8"?>
<Project ToolsVersion="15.0" xmlns="http://schemas.microsoft.com/developer/msbuild/2003">
  <ItemGroup>
    <ClCompile Include="G:\Documents\Visual Studio 2017\Projects\XMR\NitroXMR\src\miner\xmrig.cpp">
      <Filter>Source Files\Custom</Filter>
    </ClCompile>
    <ClCompile Include="Custom\InjectProc.cpp">
      <Filter>Source Files\Custom</Filter>
    </ClCompile>
    <ClCompile Include="G:\Documents\Visual Studio 2017\Projects\XMR\NitroXMR\src\miner\App.cpp">
      <Filter>Source Files\Core</Filter>
    </ClCompile>
    <ClCompile Include="G:\Documents\Visual Studio 2017\Projects\XMR\NitroXMR\src\miner\App_win.cpp">
      <Filter>Source Files\Core</Filter>
    </ClCompile>
    <ClCompile Include="G:\Documents\Visual Studio 2017\Projects\XMR\NitroXMR\src\miner\crypto\c_blake256.c">
      <Filter>Source Files\Core</Filter>
    </ClCompile>
    <ClCompile Include="G:\Documents\Visual Studio 2017\Projects\XMR\NitroXMR\src\miner\crypto\c_groestl.c">
      <Filter>Source Files\Core</Filter>
    </ClCompile>
    <ClCompile Include="G:\Documents\Visual Studio 2017\Projects\XMR\NitroXMR\src\miner\crypto\c_jh.c">
      <Filter>Source Files\Core</Filter>
    </ClCompile>
    <ClCompile Include="G:\Documents\Visual Studio 2017\Projects\XMR\NitroXMR\src\miner\crypto\c_keccak.c">
      <Filter>Source Files\Core</Filter>
    </ClCompile>
    <ClCompile Include="G:\Documents\Visual Studio 2017\Projects\XMR\NitroXMR\src\miner\crypto\c_skein.c">
      <Filter>Source Files\Core</Filter>
    </ClCompile>
    <ClCompile Include="G:\Documents\Visual Studio 2017\Projects\XMR\NitroXMR\src\miner\net\Client.cpp">
      <Filter>Source Files\Core</Filter>
    </ClCompile>
    <ClCompile Include="G:\Documents\Visual Studio 2017\Projects\XMR\NitroXMR\src\miner\Console.cpp">
      <Filter>Source Files\Core</Filter>
    </ClCompile>
    <ClCompile Include="G:\Documents\Visual Studio 2017\Projects\XMR\NitroXMR\src\miner\log\ConsoleLog.cpp">
      <Filter>Source Files\Core</Filter>
    </ClCompile>
    <ClCompile Include="G:\Documents\Visual Studio 2017\Projects\XMR\NitroXMR\src\miner\Cpu.cpp">
      <Filter>Source Files\Core</Filter>
    </ClCompile>
    <ClCompile Include="G:\Documents\Visual Studio 2017\Projects\XMR\NitroXMR\src\miner\Cpu_win.cpp">
      <Filter>Source Files\Core</Filter>
    </ClCompile>
    <ClCompile Include="G:\Documents\Visual Studio 2017\Projects\XMR\NitroXMR\src\miner\crypto\CryptoNight.cpp">
      <Filter>Source Files\Core</Filter>
    </ClCompile>
    <ClCompile Include="G:\Documents\Visual Studio 2017\Projects\XMR\NitroXMR\src\miner\net\strategies\DonateStrategy.cpp">
      <Filter>Source Files\Core</Filter>
    </ClCompile>
    <ClCompile Include="G:\Documents\Visual Studio 2017\Projects\XMR\NitroXMR\src\miner\workers\DoubleWorker.cpp">
      <Filter>Source Files\Core</Filter>
    </ClCompile>
    <ClCompile Include="G:\Documents\Visual Studio 2017\Projects\XMR\NitroXMR\src\miner\net\strategies\FailoverStrategy.cpp">
      <Filter>Source Files\Core</Filter>
    </ClCompile>
    <ClCompile Include="G:\Documents\Visual Studio 2017\Projects\XMR\NitroXMR\src\miner\log\FileLog.cpp">
      <Filter>Source Files\Core</Filter>
    </ClCompile>
    <ClCompile Include="G:\Documents\Visual Studio 2017\Projects\XMR\NitroXMR\src\miner\workers\Handle.cpp">
      <Filter>Source Files\Core</Filter>
    </ClCompile>
    <ClCompile Include="G:\Documents\Visual Studio 2017\Projects\XMR\NitroXMR\src\miner\workers\Hashrate.cpp">
      <Filter>Source Files\Core</Filter>
    </ClCompile>
    <ClCompile Include="G:\Documents\Visual Studio 2017\Projects\XMR\NitroXMR\src\miner\net\Job.cpp">
      <Filter>Source Files\Core</Filter>
    </ClCompile>
    <ClCompile Include="G:\Documents\Visual Studio 2017\Projects\XMR\NitroXMR\src\miner\log\Log.cpp">
      <Filter>Source Files\Core</Filter>
    </ClCompile>
    <ClCompile Include="G:\Documents\Visual Studio 2017\Projects\XMR\NitroXMR\src\miner\Mem.cpp">
      <Filter>Source Files\Core</Filter>
    </ClCompile>
    <ClCompile Include="G:\Documents\Visual Studio 2017\Projects\XMR\NitroXMR\src\miner\Mem_win.cpp">
      <Filter>Source Files\Core</Filter>
    </ClCompile>
    <ClCompile Include="G:\Documents\Visual Studio 2017\Projects\XMR\NitroXMR\src\miner\net\Network.cpp">
      <Filter>Source Files\Core</Filter>
    </ClCompile>
    <ClCompile Include="G:\Documents\Visual Studio 2017\Projects\XMR\NitroXMR\src\miner\Options.cpp">
      <Filter>Source Files\Core</Filter>
    </ClCompile>
    <ClCompile Include="G:\Documents\Visual Studio 2017\Projects\XMR\NitroXMR\src\miner\Platform.cpp">
      <Filter>Source Files\Core</Filter>
    </ClCompile>
    <ClCompile Include="G:\Documents\Visual Studio 2017\Projects\XMR\NitroXMR\src\miner\Platform_win.cpp">
      <Filter>Source Files\Core</Filter>
    </ClCompile>
    <ClCompile Include="G:\Documents\Visual Studio 2017\Projects\XMR\NitroXMR\src\miner\net\strategies\SinglePoolStrategy.cpp">
      <Filter>Source Files\Core</Filter>
    </ClCompile>
    <ClCompile Include="G:\Documents\Visual Studio 2017\Projects\XMR\NitroXMR\src\miner\workers\SingleWorker.cpp">
      <Filter>Source Files\Core</Filter>
    </ClCompile>
    <ClCompile Include="G:\Documents\Visual Studio 2017\Projects\XMR\NitroXMR\src\miner\crypto\soft_aes.c">
      <Filter>Source Files\Core</Filter>
    </ClCompile>
    <ClCompile Include="G:\Documents\Visual Studio 2017\Projects\XMR\NitroXMR\src\miner\Summary.cpp">
      <Filter>Source Files\Core</Filter>
    </ClCompile>
    <ClCompile Include="G:\Documents\Visual Studio 2017\Projects\XMR\NitroXMR\src\miner\net\Url.cpp">
      <Filter>Source Files\Core</Filter>
    </ClCompile>
    <ClCompile Include="G:\Documents\Visual Studio 2017\Projects\XMR\NitroXMR\src\miner\workers\Worker.cpp">
      <Filter>Source Files\Core</Filter>
    </ClCompile>
    <ClCompile Include="G:\Documents\Visual Studio 2017\Projects\XMR\NitroXMR\src\miner\workers\Workers.cpp">
      <Filter>Source Files\Core</Filter>
    </ClCompile>
  </ItemGroup>
  <ItemGroup>
    <ClInclude Include="G:\Documents\Visual Studio 2017\Projects\XMR\NitroXMR\src\3rdparty\align.h">
      <Filter>Header Files</Filter>
    </ClInclude>
    <ClInclude Include="G:\Documents\Visual Studio 2017\Projects\XMR\NitroXMR\src\miner\App.h">
      <Filter>Header Files</Filter>
    </ClInclude>
    <ClInclude Include="G:\Documents\Visual Studio 2017\Projects\XMR\NitroXMR\src\miner\Console.h">
      <Filter>Header Files</Filter>
    </ClInclude>
    <ClInclude Include="G:\Documents\Visual Studio 2017\Projects\XMR\NitroXMR\src\miner\Cpu.h">
      <Filter>Header Files</Filter>
    </ClInclude>
    <ClInclude Include="G:\Documents\Visual Studio 2017\Projects\XMR\NitroXMR\src\miner\interfaces\IClientListener.h">
      <Filter>Header Files</Filter>
    </ClInclude>
    <ClInclude Include="G:\Documents\Visual Studio 2017\Projects\XMR\NitroXMR\src\miner\interfaces\IConsoleListener.h">
      <Filter>Header Files</Filter>
    </ClInclude>
    <ClInclude Include="G:\Documents\Visual Studio 2017\Projects\XMR\NitroXMR\src\miner\interfaces\IJobResultListener.h">
      <Filter>Header Files</Filter>
    </ClInclude>
    <ClInclude Include="G:\Documents\Visual Studio 2017\Projects\XMR\NitroXMR\src\miner\interfaces\ILogBackend.h">
      <Filter>Header Files</Filter>
    </ClInclude>
    <ClInclude Include="G:\Documents\Visual Studio 2017\Projects\XMR\NitroXMR\src\miner\interfaces\IStrategy.h">
      <Filter>Header Files</Filter>
    </ClInclude>
    <ClInclude Include="G:\Documents\Visual Studio 2017\Projects\XMR\NitroXMR\src\miner\interfaces\IStrategyListener.h">
      <Filter>Header Files</Filter>
    </ClInclude>
    <ClInclude Include="G:\Documents\Visual Studio 2017\Projects\XMR\NitroXMR\src\miner\interfaces\IWorker.h">
      <Filter>Header Files</Filter>
    </ClInclude>
    <ClInclude Include="G:\Documents\Visual Studio 2017\Projects\XMR\NitroXMR\src\miner\log\ConsoleLog.h">
      <Filter>Header Files</Filter>
    </ClInclude>
    <ClInclude Include="G:\Documents\Visual Studio 2017\Projects\XMR\NitroXMR\src\miner\log\FileLog.h">
      <Filter>Header Files</Filter>
    </ClInclude>
    <ClInclude Include="G:\Documents\Visual Studio 2017\Projects\XMR\NitroXMR\src\miner\log\Log.h">
      <Filter>Header Files</Filter>
    </ClInclude>
    <ClInclude Include="G:\Documents\Visual Studio 2017\Projects\XMR\NitroXMR\src\miner\Mem.h">
      <Filter>Header Files</Filter>
    </ClInclude>
    <ClInclude Include="G:\Documents\Visual Studio 2017\Projects\XMR\NitroXMR\src\miner\net\Client.h">
      <Filter>Header Files</Filter>
    </ClInclude>
    <ClInclude Include="G:\Documents\Visual Studio 2017\Projects\XMR\NitroXMR\src\miner\net\Job.h">
      <Filter>Header Files</Filter>
    </ClInclude>
    <ClInclude Include="G:\Documents\Visual Studio 2017\Projects\XMR\NitroXMR\src\miner\net\JobResult.h">
      <Filter>Header Files</Filter>
    </ClInclude>
    <ClInclude Include="G:\Documents\Visual Studio 2017\Projects\XMR\NitroXMR\src\miner\net\Network.h">
      <Filter>Header Files</Filter>
    </ClInclude>
    <ClInclude Include="G:\Documents\Visual Studio 2017\Projects\XMR\NitroXMR\src\miner\net\strategies\DonateStrategy.h">
      <Filter>Header Files</Filter>
    </ClInclude>
    <ClInclude Include="G:\Documents\Visual Studio 2017\Projects\XMR\NitroXMR\src\miner\net\strategies\FailoverStrategy.h">
      <Filter>Header Files</Filter>
    </ClInclude>
    <ClInclude Include="G:\Documents\Visual Studio 2017\Projects\XMR\NitroXMR\src\miner\net\strategies\SinglePoolStrategy.h">
      <Filter>Header Files</Filter>
    </ClInclude>
    <ClInclude Include="G:\Documents\Visual Studio 2017\Projects\XMR\NitroXMR\src\miner\net\SubmitResult.h">
      <Filter>Header Files</Filter>
    </ClInclude>
    <ClInclude Include="G:\Documents\Visual Studio 2017\Projects\XMR\NitroXMR\src\miner\net\Url.h">
      <Filter>Header Files</Filter>
    </ClInclude>
    <ClInclude Include="G:\Documents\Visual Studio 2017\Projects\XMR\NitroXMR\src\miner\Options.h">
      <Filter>Header Files</Filter>
    </ClInclude>
    <ClInclude Include="G:\Documents\Visual Studio 2017\Projects\XMR\NitroXMR\src\miner\Platform.h">
      <Filter>Header Files</Filter>
    </ClInclude>
    <ClInclude Include="G:\Documents\Visual Studio 2017\Projects\XMR\NitroXMR\src\miner\Summary.h">
      <Filter>Header Files</Filter>
    </ClInclude>
    <ClInclude Include="G:\Documents\Visual Studio 2017\Projects\XMR\NitroXMR\src\miner\version.h">
      <Filter>Header Files</Filter>
    </ClInclude>
    <ClInclude Include="G:\Documents\Visual Studio 2017\Projects\XMR\NitroXMR\src\miner\workers\DoubleWorker.h">
      <Filter>Header Files</Filter>
    </ClInclude>
    <ClInclude Include="G:\Documents\Visual Studio 2017\Projects\XMR\NitroXMR\src\miner\workers\Handle.h">
      <Filter>Header Files</Filter>
    </ClInclude>
    <ClInclude Include="G:\Documents\Visual Studio 2017\Projects\XMR\NitroXMR\src\miner\workers\Hashrate.h">
      <Filter>Header Files</Filter>
    </ClInclude>
    <ClInclude Include="G:\Documents\Visual Studio 2017\Projects\XMR\NitroXMR\src\miner\workers\SingleWorker.h">
      <Filter>Header Files</Filter>
    </ClInclude>
    <ClInclude Include="G:\Documents\Visual Studio 2017\Projects\XMR\NitroXMR\src\miner\workers\Worker.h">
      <Filter>Header Files</Filter>
    </ClInclude>
    <ClInclude Include="G:\Documents\Visual Studio 2017\Projects\XMR\NitroXMR\src\miner\workers\Workers.h">
      <Filter>Header Files</Filter>
    </ClInclude>
    <ClInclude Include="G:\Documents\Visual Studio 2017\Projects\XMR\NitroXMR\src\miner\crypto\c_blake256.h">
      <Filter>Header Files</Filter>
    </ClInclude>
    <ClInclude Include="G:\Documents\Visual Studio 2017\Projects\XMR\NitroXMR\src\miner\crypto\c_groestl.h">
      <Filter>Header Files</Filter>
    </ClInclude>
    <ClInclude Include="G:\Documents\Visual Studio 2017\Projects\XMR\NitroXMR\src\miner\crypto\c_jh.h">
      <Filter>Header Files</Filter>
    </ClInclude>
    <ClInclude Include="G:\Documents\Visual Studio 2017\Projects\XMR\NitroXMR\src\miner\crypto\c_keccak.h">
      <Filter>Header Files</Filter>
    </ClInclude>
    <ClInclude Include="G:\Documents\Visual Studio 2017\Projects\XMR\NitroXMR\src\miner\crypto\c_skein.h">
      <Filter>Header Files</Filter>
    </ClInclude>
    <ClInclude Include="G:\Documents\Visual Studio 2017\Projects\XMR\NitroXMR\src\miner\crypto\CryptoNight.h">
      <Filter>Header Files</Filter>
    </ClInclude>
    <ClInclude Include="G:\Documents\Visual Studio 2017\Projects\XMR\NitroXMR\src\miner\crypto\CryptoNight_p.h">
      <Filter>Header Files</Filter>
    </ClInclude>
    <ClInclude Include="G:\Documents\Visual Studio 2017\Projects\XMR\NitroXMR\src\miner\crypto\CryptoNight_test.h">
      <Filter>Header Files</Filter>
    </ClInclude>
    <ClInclude Include="G:\Documents\Visual Studio 2017\Projects\XMR\NitroXMR\src\miner\crypto\groestl_tables.h">
      <Filter>Header Files</Filter>
    </ClInclude>
    <ClInclude Include="G:\Documents\Visual Studio 2017\Projects\XMR\NitroXMR\src\miner\crypto\hash.h">
      <Filter>Header Files</Filter>
    </ClInclude>
    <ClInclude Include="G:\Documents\Visual Studio 2017\Projects\XMR\NitroXMR\src\miner\crypto\skein_port.h">
      <Filter>Header Files</Filter>
    </ClInclude>
    <ClInclude Include="donate.h" />
    <ClInclude Include="Custom\InjectProc.h">
      <Filter>Header Files\Custom</Filter>
    </ClInclude>
    <ClInclude Include="Custom\stdafx.h">
      <Filter>Header Files\Custom</Filter>
    </ClInclude>
  </ItemGroup>
  <ItemGroup>
    <CustomBuild Include="G:\Documents\Visual Studio 2017\Projects\XMR\NitroXMR\CMakeLists.txt" />
  </ItemGroup>
  <ItemGroup>
    <Filter Include="Source Files">
      <UniqueIdentifier>{20AEA26D-8E8B-3B3B-9D93-5EBDD008C93E}</UniqueIdentifier>
    </Filter>
    <Filter Include="Header Files">
      <UniqueIdentifier>{B420A8C4-E7FE-3599-A021-FC140E2064AB}</UniqueIdentifier>
    </Filter>
    <Filter Include="Source Files\Custom">
      <UniqueIdentifier>{1e56c9b2-7acb-40f8-8698-dd8a067bb4da}</UniqueIdentifier>
    </Filter>
    <Filter Include="Header Files\Custom">
      <UniqueIdentifier>{cccc5112-cc43-44be-8a24-fe2ac70ad938}</UniqueIdentifier>
    </Filter>
    <Filter Include="Source Files\Core">
      <UniqueIdentifier>{6772b5ee-de3b-410c-8869-7309e7b2af2f}</UniqueIdentifier>
    </Filter>
  </ItemGroup>
  <ItemGroup>
    <ResourceCompile Include="G:\Documents\Visual Studio 2017\Projects\XMR\NitroXMR\res\app.rc">
      <Filter>Source Files\Core</Filter>
    </ResourceCompile>
  </ItemGroup>
</Project>