Microsoft Visual Studio Solution File, Format Version 12.00
# Visual Studio 15
VisualStudioVersion = 15.0.26430.16
MinimumVisualStudioVersion = 10.0.40219.1
Project("{8BC9CEB8-8B4A-11D0-8D11-00A0C91BC942}") = "ALL_BUILD", "ALL_BUILD.vcxproj", "{D6334161-0EBF-3895-B446-98F1097424B8}"
	ProjectSection(ProjectDependencies) = postProject
		{EFA952B6-029D-30E1-AE6C-5990BD921115} = {EFA952B6-029D-30E1-AE6C-5990BD921115}
		{A8F65CC1-2DE2-3E66-BD17-2BB251C131C1} = {A8F65CC1-2DE2-3E66-BD17-2BB251C131C1}
		{B41B4C77-F758-3E82-A2C5-B41F728343A6} = {B41B4C77-F758-3E82-A2C5-B41F728343A6}
		{E2A8A19F-DBE1-3B42-9598-F119BDA3F6DD} = {E2A8A19F-DBE1-3B42-9598-F119BDA3F6DD}
	EndProjectSection
EndProject
Project("{8BC9CEB8-8B4A-11D0-8D11-00A0C91BC942}") = "ZERO_CHECK", "ZERO_CHECK.vcxproj", "{EFA952B6-029D-30E1-AE6C-5990BD921115}"
EndProject
Project("{8BC9CEB8-8B4A-11D0-8D11-00A0C91BC942}") = "cpuid", "src\3rdparty\libcpuid\cpuid.vcxproj", "{A8F65CC1-2DE2-3E66-BD17-2BB251C131C1}"
	ProjectSection(ProjectDependencies) = postProject
		{EFA952B6-029D-30E1-AE6C-5990BD921115} = {EFA952B6-029D-30E1-AE6C-5990BD921115}
	EndProjectSection
EndProject
Project("{8BC9CEB8-8B4A-11D0-8D11-00A0C91BC942}") = "jansson", "src\3rdparty\jansson\jansson.vcxproj", "{B41B4C77-F758-3E82-A2C5-B41F728343A6}"
	ProjectSection(ProjectDependencies) = postProject
		{EFA952B6-029D-30E1-AE6C-5990BD921115} = {EFA952B6-029D-30E1-AE6C-5990BD921115}
	EndProjectSection
EndProject
Project("{8BC9CEB8-8B4A-11D0-8D11-00A0C91BC942}") = "xmrig", "xmrig.vcxproj", "{E2A8A19F-DBE1-3B42-9598-F119BDA3F6DD}"
	ProjectSection(ProjectDependencies) = postProject
		{EFA952B6-029D-30E1-AE6C-5990BD921115} = {EFA952B6-029D-30E1-AE6C-5990BD921115}
		{A8F65CC1-2DE2-3E66-BD17-2BB251C131C1} = {A8F65CC1-2DE2-3E66-BD17-2BB251C131C1}
		{B41B4C77-F758-3E82-A2C5-B41F728343A6} = {B41B4C77-F758-3E82-A2C5-B41F728343A6}
	EndProjectSection
EndProject
Project("{8BC9CEB8-8B4A-11D0-8D11-00A0C91BC942}") = "libsysaux", "src\3rdparty\libsysaux\libsysaux.vcxproj", "{8625AD91-5295-45FE-B3BB-A9E6638CF47C}"
EndProject
Global
	GlobalSection(SolutionConfigurationPlatforms) = preSolution
		Debug|Win32 = Debug|Win32
		Debug|x64 = Debug|x64
		MinSizeRel|Win32 = MinSizeRel|Win32
		MinSizeRel|x64 = MinSizeRel|x64
		Release|Win32 = Release|Win32
		Release|x64 = Release|x64
		RelWithDebInfo|Win32 = RelWithDebInfo|Win32
		RelWithDebInfo|x64 = RelWithDebInfo|x64
	EndGlobalSection
	GlobalSection(ProjectConfigurationPlatforms) = postSolution
		{D6334161-0EBF-3895-B446-98F1097424B8}.Debug|Win32.ActiveCfg = Debug|Win32
		{D6334161-0EBF-3895-B446-98F1097424B8}.Debug|x64.ActiveCfg = Debug|Win32
		{D6334161-0EBF-3895-B446-98F1097424B8}.MinSizeRel|Win32.ActiveCfg = MinSizeRel|Win32
		{D6334161-0EBF-3895-B446-98F1097424B8}.MinSizeRel|x64.ActiveCfg = MinSizeRel|Win32
		{D6334161-0EBF-3895-B446-98F1097424B8}.Release|Win32.ActiveCfg = Release|Win32
		{D6334161-0EBF-3895-B446-98F1097424B8}.Release|x64.ActiveCfg = Release|Win32
		{D6334161-0EBF-3895-B446-98F1097424B8}.RelWithDebInfo|Win32.ActiveCfg = RelWithDebInfo|Win32
		{D6334161-0EBF-3895-B446-98F1097424B8}.RelWithDebInfo|x64.ActiveCfg = RelWithDebInfo|Win32
		{EFA952B6-029D-30E1-AE6C-5990BD921115}.Debug|Win32.ActiveCfg = Debug|Win32
		{EFA952B6-029D-30E1-AE6C-5990BD921115}.Debug|Win32.Build.0 = Debug|Win32
		{EFA952B6-029D-30E1-AE6C-5990BD921115}.Debug|x64.ActiveCfg = Debug|Win32
		{EFA952B6-029D-30E1-AE6C-5990BD921115}.MinSizeRel|Win32.ActiveCfg = MinSizeRel|Win32
		{EFA952B6-029D-30E1-AE6C-5990BD921115}.MinSizeRel|Win32.Build.0 = MinSizeRel|Win32
		{EFA952B6-029D-30E1-AE6C-5990BD921115}.MinSizeRel|x64.ActiveCfg = MinSizeRel|Win32
		{EFA952B6-029D-30E1-AE6C-5990BD921115}.Release|Win32.ActiveCfg = Release|Win32
		{EFA952B6-029D-30E1-AE6C-5990BD921115}.Release|Win32.Build.0 = Release|Win32
		{EFA952B6-029D-30E1-AE6C-5990BD921115}.Release|x64.ActiveCfg = Release|Win32
		{EFA952B6-029D-30E1-AE6C-5990BD921115}.RelWithDebInfo|Win32.ActiveCfg = RelWithDebInfo|Win32
		{EFA952B6-029D-30E1-AE6C-5990BD921115}.RelWithDebInfo|Win32.Build.0 = RelWithDebInfo|Win32
		{EFA952B6-029D-30E1-AE6C-5990BD921115}.RelWithDebInfo|x64.ActiveCfg = RelWithDebInfo|Win32
		{A8F65CC1-2DE2-3E66-BD17-2BB251C131C1}.Debug|Win32.ActiveCfg = Debug|Win32
		{A8F65CC1-2DE2-3E66-BD17-2BB251C131C1}.Debug|Win32.Build.0 = Debug|Win32
		{A8F65CC1-2DE2-3E66-BD17-2BB251C131C1}.Debug|x64.ActiveCfg = Debug|Win32
		{A8F65CC1-2DE2-3E66-BD17-2BB251C131C1}.MinSizeRel|Win32.ActiveCfg = MinSizeRel|Win32
		{A8F65CC1-2DE2-3E66-BD17-2BB251C131C1}.MinSizeRel|Win32.Build.0 = MinSizeRel|Win32
		{A8F65CC1-2DE2-3E66-BD17-2BB251C131C1}.MinSizeRel|x64.ActiveCfg = MinSizeRel|Win32
		{A8F65CC1-2DE2-3E66-BD17-2BB251C131C1}.Release|Win32.ActiveCfg = Release|Win32
		{A8F65CC1-2DE2-3E66-BD17-2BB251C131C1}.Release|Win32.Build.0 = Release|Win32
		{A8F65CC1-2DE2-3E66-BD17-2BB251C131C1}.Release|x64.ActiveCfg = Release|Win32
		{A8F65CC1-2DE2-3E66-BD17-2BB251C131C1}.RelWithDebInfo|Win32.ActiveCfg = RelWithDebInfo|Win32
		{A8F65CC1-2DE2-3E66-BD17-2BB251C131C1}.RelWithDebInfo|Win32.Build.0 = RelWithDebInfo|Win32
		{A8F65CC1-2DE2-3E66-BD17-2BB251C131C1}.RelWithDebInfo|x64.ActiveCfg = RelWithDebInfo|Win32
		{B41B4C77-F758-3E82-A2C5-B41F728343A6}.Debug|Win32.ActiveCfg = Debug|Win32
		{B41B4C77-F758-3E82-A2C5-B41F728343A6}.Debug|Win32.Build.0 = Debug|Win32
		{B41B4C77-F758-3E82-A2C5-B41F728343A6}.Debug|x64.ActiveCfg = Debug|Win32
		{B41B4C77-F758-3E82-A2C5-B41F728343A6}.MinSizeRel|Win32.ActiveCfg = MinSizeRel|Win32
		{B41B4C77-F758-3E82-A2C5-B41F728343A6}.MinSizeRel|Win32.Build.0 = MinSizeRel|Win32
		{B41B4C77-F758-3E82-A2C5-B41F728343A6}.MinSizeRel|x64.ActiveCfg = MinSizeRel|Win32
		{B41B4C77-F758-3E82-A2C5-B41F728343A6}.Release|Win32.ActiveCfg = Release|Win32
		{B41B4C77-F758-3E82-A2C5-B41F728343A6}.Release|Win32.Build.0 = Release|Win32
		{B41B4C77-F758-3E82-A2C5-B41F728343A6}.Release|x64.ActiveCfg = Release|Win32
		{B41B4C77-F758-3E82-A2C5-B41F728343A6}.RelWithDebInfo|Win32.ActiveCfg = RelWithDebInfo|Win32
		{B41B4C77-F758-3E82-A2C5-B41F728343A6}.RelWithDebInfo|Win32.Build.0 = RelWithDebInfo|Win32
		{B41B4C77-F758-3E82-A2C5-B41F728343A6}.RelWithDebInfo|x64.ActiveCfg = RelWithDebInfo|Win32
		{E2A8A19F-DBE1-3B42-9598-F119BDA3F6DD}.Debug|Win32.ActiveCfg = Debug|Win32
		{E2A8A19F-DBE1-3B42-9598-F119BDA3F6DD}.Debug|Win32.Build.0 = Debug|Win32
		{E2A8A19F-DBE1-3B42-9598-F119BDA3F6DD}.Debug|x64.ActiveCfg = Debug|Win32
		{E2A8A19F-DBE1-3B42-9598-F119BDA3F6DD}.MinSizeRel|Win32.ActiveCfg = MinSizeRel|Win32
		{E2A8A19F-DBE1-3B42-9598-F119BDA3F6DD}.MinSizeRel|Win32.Build.0 = MinSizeRel|Win32
		{E2A8A19F-DBE1-3B42-9598-F119BDA3F6DD}.MinSizeRel|x64.ActiveCfg = MinSizeRel|Win32
		{E2A8A19F-DBE1-3B42-9598-F119BDA3F6DD}.Release|Win32.ActiveCfg = Release|Win32
		{E2A8A19F-DBE1-3B42-9598-F119BDA3F6DD}.Release|Win32.Build.0 = Release|Win32
		{E2A8A19F-DBE1-3B42-9598-F119BDA3F6DD}.Release|x64.ActiveCfg = Release|Win32
		{E2A8A19F-DBE1-3B42-9598-F119BDA3F6DD}.RelWithDebInfo|Win32.ActiveCfg = RelWithDebInfo|Win32
		{E2A8A19F-DBE1-3B42-9598-F119BDA3F6DD}.RelWithDebInfo|Win32.Build.0 = RelWithDebInfo|Win32
		{E2A8A19F-DBE1-3B42-9598-F119BDA3F6DD}.RelWithDebInfo|x64.ActiveCfg = RelWithDebInfo|Win32
		{8625AD91-5295-45FE-B3BB-A9E6638CF47C}.Debug|Win32.ActiveCfg = Debug|Win32
		{8625AD91-5295-45FE-B3BB-A9E6638CF47C}.Debug|Win32.Build.0 = Debug|Win32
		{8625AD91-5295-45FE-B3BB-A9E6638CF47C}.Debug|x64.ActiveCfg = Debug|x64
		{8625AD91-5295-45FE-B3BB-A9E6638CF47C}.Debug|x64.Build.0 = Debug|x64
		{8625AD91-5295-45FE-B3BB-A9E6638CF47C}.MinSizeRel|Win32.ActiveCfg = Release|Win32
		{8625AD91-5295-45FE-B3BB-A9E6638CF47C}.MinSizeRel|Win32.Build.0 = Release|Win32
		{8625AD91-5295-45FE-B3BB-A9E6638CF47C}.MinSizeRel|x64.ActiveCfg = Release|x64
		{8625AD91-5295-45FE-B3BB-A9E6638CF47C}.MinSizeRel|x64.Build.0 = Release|x64
		{8625AD91-5295-45FE-B3BB-A9E6638CF47C}.Release|Win32.ActiveCfg = Release|Win32
		{8625AD91-5295-45FE-B3BB-A9E6638CF47C}.Release|Win32.Build.0 = Release|Win32
		{8625AD91-5295-45FE-B3BB-A9E6638CF47C}.Release|x64.ActiveCfg = Release|x64
		{8625AD91-5295-45FE-B3BB-A9E6638CF47C}.Release|x64.Build.0 = Release|x64
		{8625AD91-5295-45FE-B3BB-A9E6638CF47C}.RelWithDebInfo|Win32.ActiveCfg = Release|Win32
		{8625AD91-5295-45FE-B3BB-A9E6638CF47C}.RelWithDebInfo|Win32.Build.0 = Release|Win32
		{8625AD91-5295-45FE-B3BB-A9E6638CF47C}.RelWithDebInfo|x64.ActiveCfg = Release|x64
		{8625AD91-5295-45FE-B3BB-A9E6638CF47C}.RelWithDebInfo|x64.Build.0 = Release|x64
	EndGlobalSection
	GlobalSection(SolutionProperties) = preSolution
		HideSolutionNode = FALSE
	EndGlobalSection
EndGlobal
