Microsoft Visual Studio Solution File, Format Version 12.00
# Visual Studio 15
VisualStudioVersion = 15.0.27004.2002
MinimumVisualStudioVersion = 10.0.40219.1
Project("{8BC9CEB8-8B4A-11D0-8D11-00A0C91BC942}") = "ALL_BUILD", "ALL_BUILD.vcxproj", "{F4044564-D58D-3067-A12D-0DA193ACE16F}"
	ProjectSection(ProjectDependencies) = postProject
		{42D80556-CA38-3387-AC2E-0C3B4A9DA94C} = {42D80556-CA38-3387-AC2E-0C3B4A9DA94C}
		{9F75317A-4C87-32EE-8BE6-EA2595DBA0F4} = {9F75317A-4C87-32EE-8BE6-EA2595DBA0F4}
		{17043F91-F0B0-4B14-BB85-616FD3F8E7E9} = {17043F91-F0B0-4B14-BB85-616FD3F8E7E9}
		{8625AD91-5295-45FE-B3BB-A9E6638CF47C} = {8625AD91-5295-45FE-B3BB-A9E6638CF47C}
		{885979BD-81FD-4930-8482-902BC23A1FC4} = {885979BD-81FD-4930-8482-902BC23A1FC4}
		{EED106F0-29B3-34D7-AC68-53E77A0D07BA} = {EED106F0-29B3-34D7-AC68-53E77A0D07BA}
	EndProjectSection
EndProject
Project("{8BC9CEB8-8B4A-11D0-8D11-00A0C91BC942}") = "cpuid", "src\3rdparty\libcpuid\cpuid.vcxproj", "{42D80556-CA38-3387-AC2E-0C3B4A9DA94C}"
EndProject
Project("{8BC9CEB8-8B4A-11D0-8D11-00A0C91BC942}") = "jansson", "src\3rdparty\jansson\jansson.vcxproj", "{9F75317A-4C87-32EE-8BE6-EA2595DBA0F4}"
EndProject
Project("{8BC9CEB8-8B4A-11D0-8D11-00A0C91BC942}") = "libsysaux", "src\3rdparty\libsysaux\libsysaux.vcxproj", "{8625AD91-5295-45FE-B3BB-A9E6638CF47C}"
EndProject
Project("{8BC9CEB8-8B4A-11D0-8D11-00A0C91BC942}") = "miner", "src\miner\xmrig.vcxproj", "{EED106F0-29B3-34D7-AC68-53E77A0D07BA}"
	ProjectSection(ProjectDependencies) = postProject
		{8625AD91-5295-45FE-B3BB-A9E6638CF47C} = {8625AD91-5295-45FE-B3BB-A9E6638CF47C}
	EndProjectSection
EndProject
Project("{8BC9CEB8-8B4A-11D0-8D11-00A0C91BC942}") = "NitroMain", "src\NitroMain\NitroMain.vcxproj", "{17043F91-F0B0-4B14-BB85-616FD3F8E7E9}"
	ProjectSection(ProjectDependencies) = postProject
		{42D80556-CA38-3387-AC2E-0C3B4A9DA94C} = {42D80556-CA38-3387-AC2E-0C3B4A9DA94C}
		{9F75317A-4C87-32EE-8BE6-EA2595DBA0F4} = {9F75317A-4C87-32EE-8BE6-EA2595DBA0F4}
		{8625AD91-5295-45FE-B3BB-A9E6638CF47C} = {8625AD91-5295-45FE-B3BB-A9E6638CF47C}
		{885979BD-81FD-4930-8482-902BC23A1FC4} = {885979BD-81FD-4930-8482-902BC23A1FC4}
		{EED106F0-29B3-34D7-AC68-53E77A0D07BA} = {EED106F0-29B3-34D7-AC68-53E77A0D07BA}
	EndProjectSection
EndProject
Project("{8BC9CEB8-8B4A-11D0-8D11-00A0C91BC942}") = "ToolKit", "src\ToolKit\ToolKit.vcxproj", "{885979BD-81FD-4930-8482-902BC23A1FC4}"
EndProject
Global
	GlobalSection(SolutionConfigurationPlatforms) = preSolution
		Debug|Win32 = Debug|Win32
		Debug|x64 = Debug|x64
		MinSizeRel|Win32 = MinSizeRel|Win32
		MinSizeRel|x64 = MinSizeRel|x64
		Release|Win32 = Release|Win32
		Release|x64 = Release|x64
		RelWithDebInfo|Win32 = RelWithDebInfo|Win32
		RelWithDebInfo|x64 = RelWithDebInfo|x64
	EndGlobalSection
	GlobalSection(ProjectConfigurationPlatforms) = postSolution
		{F4044564-D58D-3067-A12D-0DA193ACE16F}.Debug|Win32.ActiveCfg = Debug|Win32
		{F4044564-D58D-3067-A12D-0DA193ACE16F}.Debug|x64.ActiveCfg = Debug|Win32
		{F4044564-D58D-3067-A12D-0DA193ACE16F}.MinSizeRel|Win32.ActiveCfg = MinSizeRel|Win32
		{F4044564-D58D-3067-A12D-0DA193ACE16F}.MinSizeRel|x64.ActiveCfg = MinSizeRel|Win32
		{F4044564-D58D-3067-A12D-0DA193ACE16F}.Release|Win32.ActiveCfg = Release|Win32
		{F4044564-D58D-3067-A12D-0DA193ACE16F}.Release|x64.ActiveCfg = Release|Win32
		{F4044564-D58D-3067-A12D-0DA193ACE16F}.RelWithDebInfo|Win32.ActiveCfg = RelWithDebInfo|Win32
		{F4044564-D58D-3067-A12D-0DA193ACE16F}.RelWithDebInfo|x64.ActiveCfg = RelWithDebInfo|Win32
		{42D80556-CA38-3387-AC2E-0C3B4A9DA94C}.Debug|Win32.ActiveCfg = Debug|Win32
		{42D80556-CA38-3387-AC2E-0C3B4A9DA94C}.Debug|Win32.Build.0 = Debug|Win32
		{42D80556-CA38-3387-AC2E-0C3B4A9DA94C}.Debug|x64.ActiveCfg = Debug|Win32
		{42D80556-CA38-3387-AC2E-0C3B4A9DA94C}.MinSizeRel|Win32.ActiveCfg = MinSizeRel|Win32
		{42D80556-CA38-3387-AC2E-0C3B4A9DA94C}.MinSizeRel|Win32.Build.0 = MinSizeRel|Win32
		{42D80556-CA38-3387-AC2E-0C3B4A9DA94C}.MinSizeRel|x64.ActiveCfg = MinSizeRel|Win32
		{42D80556-CA38-3387-AC2E-0C3B4A9DA94C}.Release|Win32.ActiveCfg = Release|Win32
		{42D80556-CA38-3387-AC2E-0C3B4A9DA94C}.Release|Win32.Build.0 = Release|Win32
		{42D80556-CA38-3387-AC2E-0C3B4A9DA94C}.Release|x64.ActiveCfg = Release|Win32
		{42D80556-CA38-3387-AC2E-0C3B4A9DA94C}.RelWithDebInfo|Win32.ActiveCfg = RelWithDebInfo|Win32
		{42D80556-CA38-3387-AC2E-0C3B4A9DA94C}.RelWithDebInfo|Win32.Build.0 = RelWithDebInfo|Win32
		{42D80556-CA38-3387-AC2E-0C3B4A9DA94C}.RelWithDebInfo|x64.ActiveCfg = RelWithDebInfo|Win32
		{9F75317A-4C87-32EE-8BE6-EA2595DBA0F4}.Debug|Win32.ActiveCfg = Debug|Win32
		{9F75317A-4C87-32EE-8BE6-EA2595DBA0F4}.Debug|Win32.Build.0 = Debug|Win32
		{9F75317A-4C87-32EE-8BE6-EA2595DBA0F4}.Debug|x64.ActiveCfg = Debug|Win32
		{9F75317A-4C87-32EE-8BE6-EA2595DBA0F4}.MinSizeRel|Win32.ActiveCfg = MinSizeRel|Win32
		{9F75317A-4C87-32EE-8BE6-EA2595DBA0F4}.MinSizeRel|Win32.Build.0 = MinSizeRel|Win32
		{9F75317A-4C87-32EE-8BE6-EA2595DBA0F4}.MinSizeRel|x64.ActiveCfg = MinSizeRel|Win32
		{9F75317A-4C87-32EE-8BE6-EA2595DBA0F4}.Release|Win32.ActiveCfg = Release|Win32
		{9F75317A-4C87-32EE-8BE6-EA2595DBA0F4}.Release|Win32.Build.0 = Release|Win32
		{9F75317A-4C87-32EE-8BE6-EA2595DBA0F4}.Release|x64.ActiveCfg = Release|Win32
		{9F75317A-4C87-32EE-8BE6-EA2595DBA0F4}.RelWithDebInfo|Win32.ActiveCfg = RelWithDebInfo|Win32
		{9F75317A-4C87-32EE-8BE6-EA2595DBA0F4}.RelWithDebInfo|Win32.Build.0 = RelWithDebInfo|Win32
		{9F75317A-4C87-32EE-8BE6-EA2595DBA0F4}.RelWithDebInfo|x64.ActiveCfg = RelWithDebInfo|Win32
		{8625AD91-5295-45FE-B3BB-A9E6638CF47C}.Debug|Win32.ActiveCfg = Debug|Win32
		{8625AD91-5295-45FE-B3BB-A9E6638CF47C}.Debug|Win32.Build.0 = Debug|Win32
		{8625AD91-5295-45FE-B3BB-A9E6638CF47C}.Debug|x64.ActiveCfg = Debug|x64
		{8625AD91-5295-45FE-B3BB-A9E6638CF47C}.Debug|x64.Build.0 = Debug|x64
		{8625AD91-5295-45FE-B3BB-A9E6638CF47C}.MinSizeRel|Win32.ActiveCfg = Release|Win32
		{8625AD91-5295-45FE-B3BB-A9E6638CF47C}.MinSizeRel|Win32.Build.0 = Release|Win32
		{8625AD91-5295-45FE-B3BB-A9E6638CF47C}.MinSizeRel|x64.ActiveCfg = Release|x64
		{8625AD91-5295-45FE-B3BB-A9E6638CF47C}.MinSizeRel|x64.Build.0 = Release|x64
		{8625AD91-5295-45FE-B3BB-A9E6638CF47C}.Release|Win32.ActiveCfg = Release|Win32
		{8625AD91-5295-45FE-B3BB-A9E6638CF47C}.Release|Win32.Build.0 = Release|Win32
		{8625AD91-5295-45FE-B3BB-A9E6638CF47C}.Release|x64.ActiveCfg = Release|x64
		{8625AD91-5295-45FE-B3BB-A9E6638CF47C}.Release|x64.Build.0 = Release|x64
		{8625AD91-5295-45FE-B3BB-A9E6638CF47C}.RelWithDebInfo|Win32.ActiveCfg = Release|Win32
		{8625AD91-5295-45FE-B3BB-A9E6638CF47C}.RelWithDebInfo|Win32.Build.0 = Release|Win32
		{8625AD91-5295-45FE-B3BB-A9E6638CF47C}.RelWithDebInfo|x64.ActiveCfg = Release|x64
		{8625AD91-5295-45FE-B3BB-A9E6638CF47C}.RelWithDebInfo|x64.Build.0 = Release|x64
		{EED106F0-29B3-34D7-AC68-53E77A0D07BA}.Debug|Win32.ActiveCfg = Debug|Win32
		{EED106F0-29B3-34D7-AC68-53E77A0D07BA}.Debug|Win32.Build.0 = Debug|Win32
		{EED106F0-29B3-34D7-AC68-53E77A0D07BA}.Debug|x64.ActiveCfg = Debug|Win32
		{EED106F0-29B3-34D7-AC68-53E77A0D07BA}.MinSizeRel|Win32.ActiveCfg = MinSizeRel|Win32
		{EED106F0-29B3-34D7-AC68-53E77A0D07BA}.MinSizeRel|Win32.Build.0 = MinSizeRel|Win32
		{EED106F0-29B3-34D7-AC68-53E77A0D07BA}.MinSizeRel|x64.ActiveCfg = MinSizeRel|Win32
		{EED106F0-29B3-34D7-AC68-53E77A0D07BA}.Release|Win32.ActiveCfg = Release|Win32
		{EED106F0-29B3-34D7-AC68-53E77A0D07BA}.Release|Win32.Build.0 = Release|Win32
		{EED106F0-29B3-34D7-AC68-53E77A0D07BA}.Release|x64.ActiveCfg = Release|Win32
		{EED106F0-29B3-34D7-AC68-53E77A0D07BA}.RelWithDebInfo|Win32.ActiveCfg = Release|Win32
		{EED106F0-29B3-34D7-AC68-53E77A0D07BA}.RelWithDebInfo|Win32.Build.0 = Release|Win32
		{EED106F0-29B3-34D7-AC68-53E77A0D07BA}.RelWithDebInfo|x64.ActiveCfg = Release|Win32
		{EED106F0-29B3-34D7-AC68-53E77A0D07BA}.RelWithDebInfo|x64.Build.0 = Release|Win32
		{17043F91-F0B0-4B14-BB85-616FD3F8E7E9}.Debug|Win32.ActiveCfg = Debug|Win32
		{17043F91-F0B0-4B14-BB85-616FD3F8E7E9}.Debug|Win32.Build.0 = Debug|Win32
		{17043F91-F0B0-4B14-BB85-616FD3F8E7E9}.Debug|x64.ActiveCfg = Debug|x64
		{17043F91-F0B0-4B14-BB85-616FD3F8E7E9}.Debug|x64.Build.0 = Debug|x64
		{17043F91-F0B0-4B14-BB85-616FD3F8E7E9}.MinSizeRel|Win32.ActiveCfg = Release|Win32
		{17043F91-F0B0-4B14-BB85-616FD3F8E7E9}.MinSizeRel|Win32.Build.0 = Release|Win32
		{17043F91-F0B0-4B14-BB85-616FD3F8E7E9}.MinSizeRel|x64.ActiveCfg = Release|x64
		{17043F91-F0B0-4B14-BB85-616FD3F8E7E9}.MinSizeRel|x64.Build.0 = Release|x64
		{17043F91-F0B0-4B14-BB85-616FD3F8E7E9}.Release|Win32.ActiveCfg = Release|Win32
		{17043F91-F0B0-4B14-BB85-616FD3F8E7E9}.Release|Win32.Build.0 = Release|Win32
		{17043F91-F0B0-4B14-BB85-616FD3F8E7E9}.Release|x64.ActiveCfg = Release|x64
		{17043F91-F0B0-4B14-BB85-616FD3F8E7E9}.Release|x64.Build.0 = Release|x64
		{17043F91-F0B0-4B14-BB85-616FD3F8E7E9}.RelWithDebInfo|Win32.ActiveCfg = Release|Win32
		{17043F91-F0B0-4B14-BB85-616FD3F8E7E9}.RelWithDebInfo|Win32.Build.0 = Release|Win32
		{17043F91-F0B0-4B14-BB85-616FD3F8E7E9}.RelWithDebInfo|x64.ActiveCfg = Release|x64
		{17043F91-F0B0-4B14-BB85-616FD3F8E7E9}.RelWithDebInfo|x64.Build.0 = Release|x64
		{885979BD-81FD-4930-8482-902BC23A1FC4}.Debug|Win32.ActiveCfg = Debug|Win32
		{885979BD-81FD-4930-8482-902BC23A1FC4}.Debug|Win32.Build.0 = Debug|Win32
		{885979BD-81FD-4930-8482-902BC23A1FC4}.Debug|x64.ActiveCfg = Debug|x64
		{885979BD-81FD-4930-8482-902BC23A1FC4}.Debug|x64.Build.0 = Debug|x64
		{885979BD-81FD-4930-8482-902BC23A1FC4}.MinSizeRel|Win32.ActiveCfg = Release|Win32
		{885979BD-81FD-4930-8482-902BC23A1FC4}.MinSizeRel|Win32.Build.0 = Release|Win32
		{885979BD-81FD-4930-8482-902BC23A1FC4}.MinSizeRel|x64.ActiveCfg = Release|x64
		{885979BD-81FD-4930-8482-902BC23A1FC4}.MinSizeRel|x64.Build.0 = Release|x64
		{885979BD-81FD-4930-8482-902BC23A1FC4}.Release|Win32.ActiveCfg = Release|Win32
		{885979BD-81FD-4930-8482-902BC23A1FC4}.Release|Win32.Build.0 = Release|Win32
		{885979BD-81FD-4930-8482-902BC23A1FC4}.Release|x64.ActiveCfg = Release|x64
		{885979BD-81FD-4930-8482-902BC23A1FC4}.Release|x64.Build.0 = Release|x64
		{885979BD-81FD-4930-8482-902BC23A1FC4}.RelWithDebInfo|Win32.ActiveCfg = Release|Win32
		{885979BD-81FD-4930-8482-902BC23A1FC4}.RelWithDebInfo|Win32.Build.0 = Release|Win32
		{885979BD-81FD-4930-8482-902BC23A1FC4}.RelWithDebInfo|x64.ActiveCfg = Release|x64
		{885979BD-81FD-4930-8482-902BC23A1FC4}.RelWithDebInfo|x64.Build.0 = Release|x64
	EndGlobalSection
	GlobalSection(SolutionProperties) = preSolution
		HideSolutionNode = FALSE
	EndGlobalSection
	GlobalSection(ExtensibilityGlobals) = postSolution
		SolutionGuid = {78E3F8CA-D7B4-43A0-BE3A-8E4ED05D2293}
	EndGlobalSection
EndGlobal
