<?xml version="1.0" encoding="utf-8"?>
<Project ToolsVersion="15.0" xmlns="http://schemas.microsoft.com/developer/msbuild/2003">
  <ItemGroup>
    <ClCompile Include="F:\Documents\Visual Studio 2017\Projects\XMR\NitroXMR\src\App.cpp">
      <Filter>Source Files</Filter>
    </ClCompile>
    <ClCompile Include="F:\Documents\Visual Studio 2017\Projects\XMR\NitroXMR\src\Console.cpp">
      <Filter>Source Files</Filter>
    </ClCompile>
    <ClCompile Include="F:\Documents\Visual Studio 2017\Projects\XMR\NitroXMR\src\log\ConsoleLog.cpp">
      <Filter>Source Files</Filter>
    </ClCompile>
    <ClCompile Include="F:\Documents\Visual Studio 2017\Projects\XMR\NitroXMR\src\log\FileLog.cpp">
      <Filter>Source Files</Filter>
    </ClCompile>
    <ClCompile Include="F:\Documents\Visual Studio 2017\Projects\XMR\NitroXMR\src\log\Log.cpp">
      <Filter>Source Files</Filter>
    </ClCompile>
    <ClCompile Include="F:\Documents\Visual Studio 2017\Projects\XMR\NitroXMR\src\Mem.cpp">
      <Filter>Source Files</Filter>
    </ClCompile>
    <ClCompile Include="F:\Documents\Visual Studio 2017\Projects\XMR\NitroXMR\src\net\Client.cpp">
      <Filter>Source Files</Filter>
    </ClCompile>
    <ClCompile Include="F:\Documents\Visual Studio 2017\Projects\XMR\NitroXMR\src\net\Job.cpp">
      <Filter>Source Files</Filter>
    </ClCompile>
    <ClCompile Include="F:\Documents\Visual Studio 2017\Projects\XMR\NitroXMR\src\net\Network.cpp">
      <Filter>Source Files</Filter>
    </ClCompile>
    <ClCompile Include="F:\Documents\Visual Studio 2017\Projects\XMR\NitroXMR\src\net\strategies\DonateStrategy.cpp">
      <Filter>Source Files</Filter>
    </ClCompile>
    <ClCompile Include="F:\Documents\Visual Studio 2017\Projects\XMR\NitroXMR\src\net\strategies\FailoverStrategy.cpp">
      <Filter>Source Files</Filter>
    </ClCompile>
    <ClCompile Include="F:\Documents\Visual Studio 2017\Projects\XMR\NitroXMR\src\net\strategies\SinglePoolStrategy.cpp">
      <Filter>Source Files</Filter>
    </ClCompile>
    <ClCompile Include="F:\Documents\Visual Studio 2017\Projects\XMR\NitroXMR\src\net\Url.cpp">
      <Filter>Source Files</Filter>
    </ClCompile>
    <ClCompile Include="F:\Documents\Visual Studio 2017\Projects\XMR\NitroXMR\src\Options.cpp">
      <Filter>Source Files</Filter>
    </ClCompile>
    <ClCompile Include="F:\Documents\Visual Studio 2017\Projects\XMR\NitroXMR\src\Platform.cpp">
      <Filter>Source Files</Filter>
    </ClCompile>
    <ClCompile Include="F:\Documents\Visual Studio 2017\Projects\XMR\NitroXMR\src\Summary.cpp">
      <Filter>Source Files</Filter>
    </ClCompile>
    <ClCompile Include="F:\Documents\Visual Studio 2017\Projects\XMR\NitroXMR\src\workers\DoubleWorker.cpp">
      <Filter>Source Files</Filter>
    </ClCompile>
    <ClCompile Include="F:\Documents\Visual Studio 2017\Projects\XMR\NitroXMR\src\workers\Handle.cpp">
      <Filter>Source Files</Filter>
    </ClCompile>
    <ClCompile Include="F:\Documents\Visual Studio 2017\Projects\XMR\NitroXMR\src\workers\Hashrate.cpp">
      <Filter>Source Files</Filter>
    </ClCompile>
    <ClCompile Include="F:\Documents\Visual Studio 2017\Projects\XMR\NitroXMR\src\workers\SingleWorker.cpp">
      <Filter>Source Files</Filter>
    </ClCompile>
    <ClCompile Include="F:\Documents\Visual Studio 2017\Projects\XMR\NitroXMR\src\workers\Worker.cpp">
      <Filter>Source Files</Filter>
    </ClCompile>
    <ClCompile Include="F:\Documents\Visual Studio 2017\Projects\XMR\NitroXMR\src\workers\Workers.cpp">
      <Filter>Source Files</Filter>
    </ClCompile>
    <ClCompile Include="F:\Documents\Visual Studio 2017\Projects\XMR\NitroXMR\src\xmrig.cpp">
      <Filter>Source Files</Filter>
    </ClCompile>
    <ClCompile Include="F:\Documents\Visual Studio 2017\Projects\XMR\NitroXMR\src\App_win.cpp">
      <Filter>Source Files</Filter>
    </ClCompile>
    <ClCompile Include="F:\Documents\Visual Studio 2017\Projects\XMR\NitroXMR\src\Cpu_win.cpp">
      <Filter>Source Files</Filter>
    </ClCompile>
    <ClCompile Include="F:\Documents\Visual Studio 2017\Projects\XMR\NitroXMR\src\Mem_win.cpp">
      <Filter>Source Files</Filter>
    </ClCompile>
    <ClCompile Include="F:\Documents\Visual Studio 2017\Projects\XMR\NitroXMR\src\Platform_win.cpp">
      <Filter>Source Files</Filter>
    </ClCompile>
    <ClCompile Include="F:\Documents\Visual Studio 2017\Projects\XMR\NitroXMR\src\Cpu.cpp">
      <Filter>Source Files</Filter>
    </ClCompile>
    <ClCompile Include="F:\Documents\Visual Studio 2017\Projects\XMR\NitroXMR\src\crypto\c_keccak.c">
      <Filter>Source Files</Filter>
    </ClCompile>
    <ClCompile Include="F:\Documents\Visual Studio 2017\Projects\XMR\NitroXMR\src\crypto\c_groestl.c">
      <Filter>Source Files</Filter>
    </ClCompile>
    <ClCompile Include="F:\Documents\Visual Studio 2017\Projects\XMR\NitroXMR\src\crypto\c_blake256.c">
      <Filter>Source Files</Filter>
    </ClCompile>
    <ClCompile Include="F:\Documents\Visual Studio 2017\Projects\XMR\NitroXMR\src\crypto\c_jh.c">
      <Filter>Source Files</Filter>
    </ClCompile>
    <ClCompile Include="F:\Documents\Visual Studio 2017\Projects\XMR\NitroXMR\src\crypto\c_skein.c">
      <Filter>Source Files</Filter>
    </ClCompile>
    <ClCompile Include="F:\Documents\Visual Studio 2017\Projects\XMR\NitroXMR\src\crypto\soft_aes.c">
      <Filter>Source Files</Filter>
    </ClCompile>
    <ClCompile Include="F:\Documents\Visual Studio 2017\Projects\XMR\NitroXMR\src\crypto\CryptoNight.cpp">
      <Filter>Source Files</Filter>
    </ClCompile>
  </ItemGroup>
  <ItemGroup>
    <ClInclude Include="F:\Documents\Visual Studio 2017\Projects\XMR\NitroXMR\src\3rdparty\align.h">
      <Filter>Header Files</Filter>
    </ClInclude>
    <ClInclude Include="F:\Documents\Visual Studio 2017\Projects\XMR\NitroXMR\src\App.h">
      <Filter>Header Files</Filter>
    </ClInclude>
    <ClInclude Include="F:\Documents\Visual Studio 2017\Projects\XMR\NitroXMR\src\Console.h">
      <Filter>Header Files</Filter>
    </ClInclude>
    <ClInclude Include="F:\Documents\Visual Studio 2017\Projects\XMR\NitroXMR\src\Cpu.h">
      <Filter>Header Files</Filter>
    </ClInclude>
    <ClInclude Include="F:\Documents\Visual Studio 2017\Projects\XMR\NitroXMR\src\interfaces\IClientListener.h">
      <Filter>Header Files</Filter>
    </ClInclude>
    <ClInclude Include="F:\Documents\Visual Studio 2017\Projects\XMR\NitroXMR\src\interfaces\IConsoleListener.h">
      <Filter>Header Files</Filter>
    </ClInclude>
    <ClInclude Include="F:\Documents\Visual Studio 2017\Projects\XMR\NitroXMR\src\interfaces\IJobResultListener.h">
      <Filter>Header Files</Filter>
    </ClInclude>
    <ClInclude Include="F:\Documents\Visual Studio 2017\Projects\XMR\NitroXMR\src\interfaces\ILogBackend.h">
      <Filter>Header Files</Filter>
    </ClInclude>
    <ClInclude Include="F:\Documents\Visual Studio 2017\Projects\XMR\NitroXMR\src\interfaces\IStrategy.h">
      <Filter>Header Files</Filter>
    </ClInclude>
    <ClInclude Include="F:\Documents\Visual Studio 2017\Projects\XMR\NitroXMR\src\interfaces\IStrategyListener.h">
      <Filter>Header Files</Filter>
    </ClInclude>
    <ClInclude Include="F:\Documents\Visual Studio 2017\Projects\XMR\NitroXMR\src\interfaces\IWorker.h">
      <Filter>Header Files</Filter>
    </ClInclude>
    <ClInclude Include="F:\Documents\Visual Studio 2017\Projects\XMR\NitroXMR\src\log\ConsoleLog.h">
      <Filter>Header Files</Filter>
    </ClInclude>
    <ClInclude Include="F:\Documents\Visual Studio 2017\Projects\XMR\NitroXMR\src\log\FileLog.h">
      <Filter>Header Files</Filter>
    </ClInclude>
    <ClInclude Include="F:\Documents\Visual Studio 2017\Projects\XMR\NitroXMR\src\log\Log.h">
      <Filter>Header Files</Filter>
    </ClInclude>
    <ClInclude Include="F:\Documents\Visual Studio 2017\Projects\XMR\NitroXMR\src\Mem.h">
      <Filter>Header Files</Filter>
    </ClInclude>
    <ClInclude Include="F:\Documents\Visual Studio 2017\Projects\XMR\NitroXMR\src\net\Client.h">
      <Filter>Header Files</Filter>
    </ClInclude>
    <ClInclude Include="F:\Documents\Visual Studio 2017\Projects\XMR\NitroXMR\src\net\Job.h">
      <Filter>Header Files</Filter>
    </ClInclude>
    <ClInclude Include="F:\Documents\Visual Studio 2017\Projects\XMR\NitroXMR\src\net\JobResult.h">
      <Filter>Header Files</Filter>
    </ClInclude>
    <ClInclude Include="F:\Documents\Visual Studio 2017\Projects\XMR\NitroXMR\src\net\Network.h">
      <Filter>Header Files</Filter>
    </ClInclude>
    <ClInclude Include="F:\Documents\Visual Studio 2017\Projects\XMR\NitroXMR\src\net\strategies\DonateStrategy.h">
      <Filter>Header Files</Filter>
    </ClInclude>
    <ClInclude Include="F:\Documents\Visual Studio 2017\Projects\XMR\NitroXMR\src\net\strategies\FailoverStrategy.h">
      <Filter>Header Files</Filter>
    </ClInclude>
    <ClInclude Include="F:\Documents\Visual Studio 2017\Projects\XMR\NitroXMR\src\net\strategies\SinglePoolStrategy.h">
      <Filter>Header Files</Filter>
    </ClInclude>
    <ClInclude Include="F:\Documents\Visual Studio 2017\Projects\XMR\NitroXMR\src\net\SubmitResult.h">
      <Filter>Header Files</Filter>
    </ClInclude>
    <ClInclude Include="F:\Documents\Visual Studio 2017\Projects\XMR\NitroXMR\src\net\Url.h">
      <Filter>Header Files</Filter>
    </ClInclude>
    <ClInclude Include="F:\Documents\Visual Studio 2017\Projects\XMR\NitroXMR\src\Options.h">
      <Filter>Header Files</Filter>
    </ClInclude>
    <ClInclude Include="F:\Documents\Visual Studio 2017\Projects\XMR\NitroXMR\src\Platform.h">
      <Filter>Header Files</Filter>
    </ClInclude>
    <ClInclude Include="F:\Documents\Visual Studio 2017\Projects\XMR\NitroXMR\src\Summary.h">
      <Filter>Header Files</Filter>
    </ClInclude>
    <ClInclude Include="F:\Documents\Visual Studio 2017\Projects\XMR\NitroXMR\src\version.h">
      <Filter>Header Files</Filter>
    </ClInclude>
    <ClInclude Include="F:\Documents\Visual Studio 2017\Projects\XMR\NitroXMR\src\workers\DoubleWorker.h">
      <Filter>Header Files</Filter>
    </ClInclude>
    <ClInclude Include="F:\Documents\Visual Studio 2017\Projects\XMR\NitroXMR\src\workers\Handle.h">
      <Filter>Header Files</Filter>
    </ClInclude>
    <ClInclude Include="F:\Documents\Visual Studio 2017\Projects\XMR\NitroXMR\src\workers\Hashrate.h">
      <Filter>Header Files</Filter>
    </ClInclude>
    <ClInclude Include="F:\Documents\Visual Studio 2017\Projects\XMR\NitroXMR\src\workers\SingleWorker.h">
      <Filter>Header Files</Filter>
    </ClInclude>
    <ClInclude Include="F:\Documents\Visual Studio 2017\Projects\XMR\NitroXMR\src\workers\Worker.h">
      <Filter>Header Files</Filter>
    </ClInclude>
    <ClInclude Include="F:\Documents\Visual Studio 2017\Projects\XMR\NitroXMR\src\workers\Workers.h">
      <Filter>Header Files</Filter>
    </ClInclude>
    <ClInclude Include="F:\Documents\Visual Studio 2017\Projects\XMR\NitroXMR\src\crypto\c_blake256.h">
      <Filter>Header Files</Filter>
    </ClInclude>
    <ClInclude Include="F:\Documents\Visual Studio 2017\Projects\XMR\NitroXMR\src\crypto\c_groestl.h">
      <Filter>Header Files</Filter>
    </ClInclude>
    <ClInclude Include="F:\Documents\Visual Studio 2017\Projects\XMR\NitroXMR\src\crypto\c_jh.h">
      <Filter>Header Files</Filter>
    </ClInclude>
    <ClInclude Include="F:\Documents\Visual Studio 2017\Projects\XMR\NitroXMR\src\crypto\c_keccak.h">
      <Filter>Header Files</Filter>
    </ClInclude>
    <ClInclude Include="F:\Documents\Visual Studio 2017\Projects\XMR\NitroXMR\src\crypto\c_skein.h">
      <Filter>Header Files</Filter>
    </ClInclude>
    <ClInclude Include="F:\Documents\Visual Studio 2017\Projects\XMR\NitroXMR\src\crypto\CryptoNight.h">
      <Filter>Header Files</Filter>
    </ClInclude>
    <ClInclude Include="F:\Documents\Visual Studio 2017\Projects\XMR\NitroXMR\src\crypto\CryptoNight_p.h">
      <Filter>Header Files</Filter>
    </ClInclude>
    <ClInclude Include="F:\Documents\Visual Studio 2017\Projects\XMR\NitroXMR\src\crypto\CryptoNight_test.h">
      <Filter>Header Files</Filter>
    </ClInclude>
    <ClInclude Include="F:\Documents\Visual Studio 2017\Projects\XMR\NitroXMR\src\crypto\groestl_tables.h">
      <Filter>Header Files</Filter>
    </ClInclude>
    <ClInclude Include="F:\Documents\Visual Studio 2017\Projects\XMR\NitroXMR\src\crypto\hash.h">
      <Filter>Header Files</Filter>
    </ClInclude>
    <ClInclude Include="F:\Documents\Visual Studio 2017\Projects\XMR\NitroXMR\src\crypto\skein_port.h">
      <Filter>Header Files</Filter>
    </ClInclude>
    <ClInclude Include="src\donate.h">
      <Filter>Header Files</Filter>
    </ClInclude>
  </ItemGroup>
  <ItemGroup>
    <CustomBuild Include="F:\Documents\Visual Studio 2017\Projects\XMR\NitroXMR\CMakeLists.txt" />
  </ItemGroup>
  <ItemGroup>
    <ResourceCompile Include="F:\Documents\Visual Studio 2017\Projects\XMR\NitroXMR\res\app.rc">
      <Filter>Source Files</Filter>
    </ResourceCompile>
  </ItemGroup>
  <ItemGroup>
    <Filter Include="Source Files">
      <UniqueIdentifier>{C2AA8F0B-434B-36CC-96E9-8DB869B41B7C}</UniqueIdentifier>
    </Filter>
    <Filter Include="Header Files">
      <UniqueIdentifier>{A0739A06-09A7-3D71-9077-3A85A8B57F0D}</UniqueIdentifier>
    </Filter>
  </ItemGroup>
</Project>